
Microsoft Visual Studio Solution File, Format Version 12.00
# Visual Studio Version 17
VisualStudioVersion = 17.11.35017.193
MinimumVisualStudioVersion = 10.0.40219.1
Project("{9A19103F-16F7-4668-BE54-9A1E7A4F7556}") = "AvaloniaChess", "AvaloniaChess\AvaloniaChess.csproj", "{AF8CE26F-534D-407E-BB7A-E83C9D88608D}"
EndProject
Project("{9A19103F-16F7-4668-BE54-9A1E7A4F7556}") = "AvaloniaChess.Desktop", "AvaloniaChess.Desktop\AvaloniaChess.Desktop.csproj", "{5EF5060B-5A35-4680-912A-65EABB20C872}"
EndProject
Global
	GlobalSection(SolutionConfigurationPlatforms) = preSolution
		Debug|Any CPU = Debug|Any CPU
		Release|Any CPU = Release|Any CPU
	EndGlobalSection
	GlobalSection(ProjectConfigurationPlatforms) = postSolution
		{AF8CE26F-534D-407E-BB7A-E83C9D88608D}.Debug|Any CPU.ActiveCfg = Debug|Any CPU
		{AF8CE26F-534D-407E-BB7A-E83C9D88608D}.Debug|Any CPU.Build.0 = Debug|Any CPU
		{AF8CE26F-534D-407E-BB7A-E83C9D88608D}.Release|Any CPU.ActiveCfg = Release|Any CPU
		{AF8CE26F-534D-407E-BB7A-E83C9D88608D}.Release|Any CPU.Build.0 = Release|Any CPU
		{5EF5060B-5A35-4680-912A-65EABB20C872}.Debug|Any CPU.ActiveCfg = Debug|Any CPU
		{5EF5060B-5A35-4680-912A-65EABB20C872}.Debug|Any CPU.Build.0 = Debug|Any CPU
		{5EF5060B-5A35-4680-912A-65EABB20C872}.Release|Any CPU.ActiveCfg = Release|Any CPU
		{5EF5060B-5A35-4680-912A-65EABB20C872}.Release|Any CPU.Build.0 = Release|Any CPU
	EndGlobalSection
	GlobalSection(SolutionProperties) = preSolution
		HideSolutionNode = FALSE
	EndGlobalSection
	GlobalSection(ExtensibilityGlobals) = postSolution
		SolutionGuid = {DFD46EC8-39AA-4984-B958-F1F6F4168C1F}
	EndGlobalSection
EndGlobal
